
Microsoft Visual Studio Solution File, Format Version 12.00
# Visual Studio 14
VisualStudioVersion = 14.0.25420.1
MinimumVisualStudioVersion = 10.0.40219.1
Project("{FAE04EC0-301F-11D3-BF4B-00C04F79EFBC}") = "Struct", "Struct\Struct.csproj", "{91D6C616-2EE3-4BE3-8FDD-38C3F7E63258}"
EndProject
Project("{FAE04EC0-301F-11D3-BF4B-00C04F79EFBC}") = "Unit", "Unit\Unit.csproj", "{2D294915-22A8-47A1-AD10-7845CDF7BC5A}"
EndProject
Global
	GlobalSection(SolutionConfigurationPlatforms) = preSolution
		Debug|Any CPU = Debug|Any CPU
		Release|Any CPU = Release|Any CPU
	EndGlobalSection
	GlobalSection(ProjectConfigurationPlatforms) = postSolution
		{91D6C616-2EE3-4BE3-8FDD-38C3F7E63258}.Debug|Any CPU.ActiveCfg = Debug|Any CPU
		{91D6C616-2EE3-4BE3-8FDD-38C3F7E63258}.Debug|Any CPU.Build.0 = Debug|Any CPU
		{91D6C616-2EE3-4BE3-8FDD-38C3F7E63258}.Release|Any CPU.ActiveCfg = Release|Any CPU
		{91D6C616-2EE3-4BE3-8FDD-38C3F7E63258}.Release|Any CPU.Build.0 = Release|Any CPU
		{2D294915-22A8-47A1-AD10-7845CDF7BC5A}.Debug|Any CPU.ActiveCfg = Debug|Any CPU
		{2D294915-22A8-47A1-AD10-7845CDF7BC5A}.Debug|Any CPU.Build.0 = Debug|Any CPU
		{2D294915-22A8-47A1-AD10-7845CDF7BC5A}.Release|Any CPU.ActiveCfg = Release|Any CPU
		{2D294915-22A8-47A1-AD10-7845CDF7BC5A}.Release|Any CPU.Build.0 = Release|Any CPU
	EndGlobalSection
	GlobalSection(SolutionProperties) = preSolution
		HideSolutionNode = FALSE
	EndGlobalSection
EndGlobal
